# This file is automatically @generated by Cargo.
# It is not intended for manual editing.
version = 4

[[package]]
name = "algorithm_rust"
version = "0.1.0"

[[package]]
name = "leetcode141"
version = "0.1.0"

[[package]]
name = "leetcode167"
version = "0.1.0"

[[package]]
name = "leetcode215"
version = "0.1.0"

[[package]]
name = "leetcode345"
version = "0.1.0"

[[package]]
name = "leetcode347"
version = "0.1.0"

[[package]]
name = "leetcode451"
version = "0.1.0"

[[package]]
name = "leetcode524"
version = "0.1.0"

[[package]]
name = "leetcode633"
version = "0.1.0"

[[package]]
name = "leetcode680"
version = "0.1.0"

[[package]]
name = "leetcode75"
version = "0.1.0"

[[package]]
name = "leetcode88"
version = "0.1.0"
