# This file is automatically @generated by Cargo.
# It is not intended for manual editing.
version = 3

[[package]]
name = "a0_stack"
version = "0.1.0"

[[package]]
name = "a1_deque"
version = "0.1.0"

[[package]]
name = "algorithm_rust"
version = "0.1.0"

[[package]]
name = "bracket_match"
version = "0.1.0"
dependencies = [
 "a0_stack",
]
