# This file is automatically @generated by Cargo.
# It is not intended for manual editing.
version = 3

[[package]]
name = "a0_stack"
version = "0.1.0"

[[package]]
name = "a1_queue"
version = "0.1.0"

[[package]]
name = "a2_dequeue"
version = "0.1.0"

[[package]]
name = "algorithm_rust"
version = "0.1.0"

[[package]]
name = "base_convert"
version = "0.1.0"
dependencies = [
 "a0_stack",
]

[[package]]
name = "bracket_match"
version = "0.1.0"
dependencies = [
 "a0_stack",
]

[[package]]
name = "expression_calculate"
version = "0.1.0"
dependencies = [
 "a0_stack",
 "bracket_match",
]

[[package]]
name = "josephus_problem"
version = "0.1.0"
dependencies = [
 "a1_queue",
]

[[package]]
name = "palindrome_check"
version = "0.1.0"
dependencies = [
 "a2_dequeue",
]
